{
    "_readme": [
        "This file locks the dependencies of your project to a known state",
        "Read more about it at https://getcomposer.org/doc/01-basic-usage.md#installing-dependencies",
        "This file is @generated automatically"
    ],
    "content-hash": "5f225c6d541e5eb0c3c6cad259b96309",
    "packages": [
        {
            "name": "erusev/parsedown",
            "version": "1.7.1",
            "source": {
                "type": "git",
                "url": "https://github.com/erusev/parsedown.git",
                "reference": "92e9c27ba0e74b8b028b111d1b6f956a15c01fc1"
            },
            "dist": {
                "type": "zip",
                "url": "https://files.phpcomposer.com/files/erusev/parsedown/92e9c27ba0e74b8b028b111d1b6f956a15c01fc1.zip",
                "reference": "92e9c27ba0e74b8b028b111d1b6f956a15c01fc1",
                "shasum": ""
            },
            "require": {
                "ext-mbstring": "*",
                "php": ">=5.3.0"
            },
            "require-dev": {
                "phpunit/phpunit": "^4.8.35"
            },
            "type": "library",
            "autoload": {
                "psr-0": {
                    "Parsedown": ""
                }
            },
            "notification-url": "https://packagist.org/downloads/",
            "license": [
                "MIT"
            ],
            "authors": [
                {
                    "name": "Emanuil Rusev",
                    "email": "hello@erusev.com",
                    "homepage": "http://erusev.com"
                }
            ],
            "description": "Parser for Markdown.",
            "homepage": "http://parsedown.org",
            "keywords": [
                "markdown",
                "parser"
            ],
            "time": "2018-03-08T01:11:30+00:00"
        },
        {
            "name": "inhere/console",
            "version": "dev-master",
            "source": {
                "type": "git",
                "url": "https://github.com/inhere/php-console.git",
                "reference": "bd8af73cbeeec83e251bbe0a0d95b4494570d5f0"
            },
            "dist": {
                "type": "zip",
                "url": "https://files.phpcomposer.com/files/inhere/php-console/bd8af73cbeeec83e251bbe0a0d95b4494570d5f0.zip",
                "reference": "bd8af73cbeeec83e251bbe0a0d95b4494570d5f0",
                "shasum": ""
            },
            "require": {
                "php": ">=7.0.0",
                "toolkit/cli-utils": "~1.0",
                "toolkit/sys-utils": "~1.0"
            },
            "suggest": {
                "padraic/phar-updater": "A thing to make PHAR self-updating easy and secure.",
                "symfony/process": "php process operation",
                "text/template": "Single-Class string template engine for PHP5/7 supporting if/loops/filters"
            },
            "type": "library",
            "autoload": {
                "psr-4": {
                    "Inhere\\Console\\": "src/"
                }
            },
            "notification-url": "https://packagist.org/downloads/",
            "license": [
                "MIT"
            ],
            "authors": [
                {
                    "name": "inhere",
                    "email": "in.798@qq.com",
                    "homepage": "http://www.yzone.net/"
                }
            ],
            "description": "a php console library, provide console argument parse, console controller/command run, color style, user interactive, information show.",
            "homepage": "https://github.com/inhere/php-console",
            "keywords": [
                "cli",
                "command",
                "command-line",
                "console",
                "console-application",
                "console-color",
                "library"
            ],
            "time": "2018-07-04T02:52:26+00:00"
        },
        {
            "name": "inhere/php-validate",
            "version": "v2.5.0",
            "source": {
                "type": "git",
                "url": "https://github.com/inhere/php-validate.git",
                "reference": "7d47374e07c7e96a7907930656643d7104a804f7"
            },
            "dist": {
                "type": "zip",
                "url": "https://files.phpcomposer.com/files/inhere/php-validate/7d47374e07c7e96a7907930656643d7104a804f7.zip",
                "reference": "7d47374e07c7e96a7907930656643d7104a804f7",
                "shasum": ""
            },
            "require": {
                "php": ">=7.0.0"
            },
            "suggest": {
                "inhere/simple-print-tool": "Very lightweight data printing tools"
            },
            "type": "library",
            "autoload": {
                "psr-4": {
                    "Inhere\\Validate\\": "src/"
                }
            },
            "notification-url": "https://packagist.org/downloads/",
            "license": [
                "MIT"
            ],
            "authors": [
                {
                    "name": "inhere",
                    "email": "in.798@qq.com",
                    "homepage": "http://www.yzone.net/"
                }
            ],
            "description": "a simple validate, filter library of the php",
            "homepage": "http://github.com/inhere/php-validate",
            "keywords": [
                "library",
                "validate"
            ],
            "time": "2018-07-04T01:40:54+00:00"
        },
        {
            "name": "symfony/polyfill-ctype",
            "version": "v1.8.0",
            "source": {
                "type": "git",
                "url": "https://github.com/symfony/polyfill-ctype.git",
                "reference": "7cc359f1b7b80fc25ed7796be7d96adc9b354bae"
            },
            "dist": {
                "type": "zip",
                "url": "https://files.phpcomposer.com/files/symfony/polyfill-ctype/7cc359f1b7b80fc25ed7796be7d96adc9b354bae.zip",
                "reference": "7cc359f1b7b80fc25ed7796be7d96adc9b354bae",
                "shasum": ""
            },
            "require": {
                "php": ">=5.3.3"
            },
            "type": "library",
            "extra": {
                "branch-alias": {
                    "dev-master": "1.8-dev"
                }
            },
            "autoload": {
                "psr-4": {
                    "Symfony\\Polyfill\\Ctype\\": ""
                },
                "files": [
                    "bootstrap.php"
                ]
            },
            "notification-url": "https://packagist.org/downloads/",
            "license": [
                "MIT"
            ],
            "authors": [
                {
                    "name": "Symfony Community",
                    "homepage": "https://symfony.com/contributors"
                },
                {
                    "name": "Gert de Pagter",
                    "email": "BackEndTea@gmail.com"
                }
            ],
            "description": "Symfony polyfill for ctype functions",
            "homepage": "https://symfony.com",
            "keywords": [
                "compatibility",
                "ctype",
                "polyfill",
                "portable"
            ],
            "time": "2018-04-30T19:57:29+00:00"
        },
        {
            "name": "symfony/yaml",
            "version": "v3.4.12",
            "source": {
                "type": "git",
                "url": "https://github.com/symfony/yaml.git",
                "reference": "c5010cc1692ce1fa328b1fb666961eb3d4a85bb0"
            },
            "dist": {
                "type": "zip",
                "url": "https://files.phpcomposer.com/files/symfony/yaml/c5010cc1692ce1fa328b1fb666961eb3d4a85bb0.zip",
                "reference": "c5010cc1692ce1fa328b1fb666961eb3d4a85bb0",
                "shasum": ""
            },
            "require": {
                "php": "^5.5.9|>=7.0.8",
                "symfony/polyfill-ctype": "~1.8"
            },
            "conflict": {
                "symfony/console": "<3.4"
            },
            "require-dev": {
                "symfony/console": "~3.4|~4.0"
            },
            "suggest": {
                "symfony/console": "For validating YAML files using the lint command"
            },
            "type": "library",
            "extra": {
                "branch-alias": {
                    "dev-master": "3.4-dev"
                }
            },
            "autoload": {
                "psr-4": {
                    "Symfony\\Component\\Yaml\\": ""
                },
                "exclude-from-classmap": [
                    "/Tests/"
                ]
            },
            "notification-url": "https://packagist.org/downloads/",
            "license": [
                "MIT"
            ],
            "authors": [
                {
                    "name": "Fabien Potencier",
                    "email": "fabien@symfony.com"
                },
                {
                    "name": "Symfony Community",
                    "homepage": "https://symfony.com/contributors"
                }
            ],
            "description": "Symfony Yaml Component",
            "homepage": "https://symfony.com",
            "time": "2018-05-03T23:18:14+00:00"
        },
        {
            "name": "toolkit/arr-utils",
            "version": "v1.0.2",
            "source": {
                "type": "git",
                "url": "https://github.com/php-toolkit/arr-utils.git",
                "reference": "8adcea4f24c567a54b9ebb7de9f208d232140c04"
            },
            "dist": {
                "type": "zip",
                "url": "https://files.phpcomposer.com/files/php-toolkit/arr-utils/8adcea4f24c567a54b9ebb7de9f208d232140c04.zip",
                "reference": "8adcea4f24c567a54b9ebb7de9f208d232140c04",
                "shasum": ""
            },
            "require": {
                "php": ">=7.0.0"
            },
            "suggest": {
                "inhere/console": "a lightweight php console application library.",
                "inhere/php-validate": "Very lightweight data validate tool",
                "inhere/simple-print-tool": "Very lightweight data printing tools"
            },
            "type": "library",
            "autoload": {
                "psr-4": {
                    "Toolkit\\ArrUtil\\": "src/"
                }
            },
            "notification-url": "https://packagist.org/downloads/",
            "license": [
                "MIT"
            ],
            "authors": [
                {
                    "name": "inhere",
                    "email": "in.798@qq.com",
                    "homepage": "http://www.yzone.net/"
                }
            ],
            "description": "some array tool library of the php",
            "homepage": "https://github.com/php-toolkit/arr-utils",
            "keywords": [
                "library",
                "php",
                "tool"
            ],
            "time": "2018-04-22T07:08:45+00:00"
        },
        {
            "name": "toolkit/cli-utils",
            "version": "v1.0.1",
            "source": {
                "type": "git",
                "url": "https://github.com/php-toolkit/cli-utils.git",
                "reference": "a59b1e1d9422c44306ae9052b3638c03fbd2ed3a"
            },
            "dist": {
                "type": "zip",
                "url": "https://files.phpcomposer.com/files/php-toolkit/cli-utils/a59b1e1d9422c44306ae9052b3638c03fbd2ed3a.zip",
                "reference": "a59b1e1d9422c44306ae9052b3638c03fbd2ed3a",
                "shasum": ""
            },
            "require": {
                "php": ">7.0.0"
            },
            "suggest": {
                "inhere/console": "a lightweight php console application library.",
                "inhere/php-validate": "Very lightweight data validate tool",
                "inhere/simple-print-tool": "Very lightweight data printing tools"
            },
            "type": "library",
            "autoload": {
                "psr-4": {
                    "Toolkit\\Cli\\": "src/"
                }
            },
            "notification-url": "https://packagist.org/downloads/",
            "license": [
                "MIT"
            ],
            "authors": [
                {
                    "name": "inhere",
                    "email": "in.798@qq.com",
                    "homepage": "http://www.yzone.net/"
                }
            ],
            "description": "some cli tool library of the php",
            "homepage": "https://github.com/php-toolkit/cli-utils",
            "keywords": [
                "library",
                "php",
                "tool"
            ],
            "time": "2018-05-07T15:32:05+00:00"
        },
        {
            "name": "toolkit/collection",
            "version": "v1.0.2",
            "source": {
                "type": "git",
                "url": "https://github.com/php-toolkit/collection.git",
                "reference": "d6d6a4cf0ffb5d5ad43707c8a915ec54f02d5a08"
            },
            "dist": {
                "type": "zip",
                "url": "https://files.phpcomposer.com/files/php-toolkit/collection/d6d6a4cf0ffb5d5ad43707c8a915ec54f02d5a08.zip",
                "reference": "d6d6a4cf0ffb5d5ad43707c8a915ec54f02d5a08",
                "shasum": ""
            },
            "require": {
                "php": ">7.0.0",
                "toolkit/arr-utils": "~1.0",
                "toolkit/file-parse": "~1.0",
                "toolkit/obj-utils": "~1.0",
                "toolkit/str-utils": "~1.0"
            },
            "type": "library",
            "autoload": {
                "psr-4": {
                    "Toolkit\\Collection\\": "src/"
                }
            },
            "notification-url": "https://packagist.org/downloads/",
            "license": [
                "MIT"
            ],
            "authors": [
                {
                    "name": "inhere",
                    "email": "in.798@qq.com",
                    "homepage": "http://www.yzone.net/"
                }
            ],
            "description": "some data collection tool library of the php",
            "homepage": "https://github.com/php-toolkit/collection",
            "keywords": [
                "library",
                "php",
                "tool"
            ],
            "time": "2018-04-30T08:03:11+00:00"
        },
        {
            "name": "toolkit/file-parse",
            "version": "v1.0.2",
            "source": {
                "type": "git",
                "url": "https://github.com/php-toolkit/file-parse.git",
                "reference": "abee6ddd0d9c9104722b147f10d33902a63af157"
            },
            "dist": {
                "type": "zip",
                "url": "https://files.phpcomposer.com/files/php-toolkit/file-parse/abee6ddd0d9c9104722b147f10d33902a63af157.zip",
                "reference": "abee6ddd0d9c9104722b147f10d33902a63af157",
                "shasum": ""
            },
            "require": {
                "php": ">=7.0.0",
                "toolkit/str-utils": "~1.0"
            },
            "suggest": {
                "inhere/console": "a lightweight php console application library.",
                "inhere/php-validate": "Very lightweight data validate tool"
            },
            "type": "library",
            "autoload": {
                "psr-4": {
                    "Toolkit\\File\\Parse\\": "src/"
                }
            },
            "notification-url": "https://packagist.org/downloads/",
            "license": [
                "MIT"
            ],
            "authors": [
                {
                    "name": "inhere",
                    "email": "in.798@qq.com",
                    "homepage": "http://www.yzone.net/"
                }
            ],
            "description": "some file parse tool library of the php",
            "homepage": "https://github.com/php-toolkit/file-parse",
            "keywords": [
                "library",
                "php",
                "tool"
            ],
            "time": "2018-04-30T08:03:11+00:00"
        },
        {
            "name": "toolkit/file-utils",
            "version": "v1.0.2",
            "source": {
                "type": "git",
                "url": "https://github.com/php-toolkit/file-utils.git",
                "reference": "7f3d031127859e56d4d6bd105e0be3245ba8150f"
            },
            "dist": {
                "type": "zip",
                "url": "https://files.phpcomposer.com/files/php-toolkit/file-utils/7f3d031127859e56d4d6bd105e0be3245ba8150f.zip",
                "reference": "7f3d031127859e56d4d6bd105e0be3245ba8150f",
                "shasum": ""
            },
            "require": {
                "php": ">=7.0.0"
            },
            "suggest": {
                "inhere/console": "a lightweight php console application library.",
                "inhere/php-validate": "Very lightweight data validate tool",
                "inhere/simple-print-tool": "Very lightweight data printing tools"
            },
            "type": "library",
            "autoload": {
                "psr-4": {
                    "Toolkit\\File\\": "src/"
                }
            },
            "notification-url": "https://packagist.org/downloads/",
            "license": [
                "MIT"
            ],
            "authors": [
                {
                    "name": "inhere",
                    "email": "in.798@qq.com",
                    "homepage": "http://www.yzone.net/"
                }
            ],
            "description": "some file tool library of the php",
            "homepage": "https://github.com/php-toolkit/file-utils",
            "keywords": [
                "library",
                "php",
                "tool"
            ],
            "time": "2018-06-06T15:12:12+00:00"
        },
        {
            "name": "toolkit/obj-utils",
            "version": "v1.0.2",
            "source": {
                "type": "git",
                "url": "https://github.com/php-toolkit/obj-utils.git",
                "reference": "a1049b8c328f2583a7af13233a8273b5dd27e3c4"
            },
            "dist": {
                "type": "zip",
                "url": "https://files.phpcomposer.com/files/php-toolkit/obj-utils/a1049b8c328f2583a7af13233a8273b5dd27e3c4.zip",
                "reference": "a1049b8c328f2583a7af13233a8273b5dd27e3c4",
                "shasum": ""
            },
            "require": {
                "php": ">=7.0.0"
            },
            "suggest": {
                "inhere/console": "a lightweight php console application library.",
                "inhere/php-validate": "Very lightweight data validate tool",
                "inhere/simple-print-tool": "Very lightweight data printing tools"
            },
            "type": "library",
            "autoload": {
                "psr-4": {
                    "Toolkit\\ObjUtil\\": "src/"
                }
            },
            "notification-url": "https://packagist.org/downloads/",
            "license": [
                "MIT"
            ],
            "authors": [
                {
                    "name": "inhere",
                    "email": "in.798@qq.com",
                    "homepage": "http://www.yzone.net/"
                }
            ],
            "description": "some object tool library of the php",
            "homepage": "https://github.com/php-toolkit/obj-utils",
            "keywords": [
                "library",
                "php",
                "tool"
            ],
            "time": "2018-04-22T07:08:45+00:00"
        },
        {
            "name": "toolkit/str-utils",
            "version": "v1.0.1",
            "source": {
                "type": "git",
                "url": "https://github.com/php-toolkit/str-utils.git",
                "reference": "034c5c336eaff7b3a8fdf9d331644529a45e44ea"
            },
            "dist": {
                "type": "zip",
                "url": "https://files.phpcomposer.com/files/php-toolkit/str-utils/034c5c336eaff7b3a8fdf9d331644529a45e44ea.zip",
                "reference": "034c5c336eaff7b3a8fdf9d331644529a45e44ea",
                "shasum": ""
            },
            "require": {
                "php": ">=7.0.0"
            },
            "suggest": {
                "inhere/console": "a lightweight php console application library.",
                "inhere/php-validate": "Very lightweight data validate tool",
                "inhere/simple-print-tool": "Very lightweight data printing tools"
            },
            "type": "library",
            "autoload": {
                "psr-4": {
                    "Toolkit\\StrUtil\\": "src/"
                }
            },
            "notification-url": "https://packagist.org/downloads/",
            "license": [
                "MIT"
            ],
            "authors": [
                {
                    "name": "inhere",
                    "email": "in.798@qq.com",
                    "homepage": "http://www.yzone.net/"
                }
            ],
            "description": "some string tool library of the php",
            "homepage": "https://github.com/php-toolkit/str-utils",
            "keywords": [
                "library",
                "php",
                "tool"
            ],
            "time": "2018-04-22T07:08:45+00:00"
        },
        {
            "name": "toolkit/sys-utils",
            "version": "v1.0.4",
            "source": {
                "type": "git",
                "url": "https://github.com/php-toolkit/sys-utils.git",
                "reference": "cf0ebbdcc4d3f0a4fc85849b395326e73dbf3e25"
            },
            "dist": {
                "type": "zip",
                "url": "https://files.phpcomposer.com/files/php-toolkit/sys-utils/cf0ebbdcc4d3f0a4fc85849b395326e73dbf3e25.zip",
                "reference": "cf0ebbdcc4d3f0a4fc85849b395326e73dbf3e25",
                "shasum": ""
            },
            "require": {
                "php": ">=7.0.0"
            },
            "suggest": {
                "inhere/console": "a lightweight php console application library.",
                "inhere/php-validate": "Very lightweight data validate tool",
                "inhere/simple-print-tool": "Very lightweight data printing tools"
            },
            "type": "library",
            "autoload": {
                "psr-4": {
                    "Toolkit\\Sys\\": "src/"
                }
            },
            "notification-url": "https://packagist.org/downloads/",
            "license": [
                "MIT"
            ],
            "authors": [
                {
                    "name": "inhere",
                    "email": "in.798@qq.com",
                    "homepage": "http://www.yzone.net/"
                }
            ],
            "description": "some system tool library of the php",
            "homepage": "https://github.com/php-toolkit/sys-utils",
            "keywords": [
                "library",
                "php",
                "tool"
            ],
            "time": "2018-05-07T15:13:04+00:00"
        }
    ],
    "packages-dev": [
        {
            "name": "doctrine/annotations",
            "version": "v1.6.0",
            "source": {
                "type": "git",
                "url": "https://github.com/doctrine/annotations.git",
                "reference": "c7f2050c68a9ab0bdb0f98567ec08d80ea7d24d5"
            },
            "dist": {
                "type": "zip",
                "url": "https://files.phpcomposer.com/files/doctrine/annotations/c7f2050c68a9ab0bdb0f98567ec08d80ea7d24d5.zip",
                "reference": "c7f2050c68a9ab0bdb0f98567ec08d80ea7d24d5",
                "shasum": ""
            },
            "require": {
                "doctrine/lexer": "1.*",
                "php": "^7.1"
            },
            "require-dev": {
                "doctrine/cache": "1.*",
                "phpunit/phpunit": "^6.4"
            },
            "type": "library",
            "extra": {
                "branch-alias": {
                    "dev-master": "1.6.x-dev"
                }
            },
            "autoload": {
                "psr-4": {
                    "Doctrine\\Common\\Annotations\\": "lib/Doctrine/Common/Annotations"
                }
            },
            "notification-url": "https://packagist.org/downloads/",
            "license": [
                "MIT"
            ],
            "authors": [
                {
                    "name": "Roman Borschel",
                    "email": "roman@code-factory.org"
                },
                {
                    "name": "Benjamin Eberlei",
                    "email": "kontakt@beberlei.de"
                },
                {
                    "name": "Guilherme Blanco",
                    "email": "guilhermeblanco@gmail.com"
                },
                {
                    "name": "Jonathan Wage",
                    "email": "jonwage@gmail.com"
                },
                {
                    "name": "Johannes Schmitt",
                    "email": "schmittjoh@gmail.com"
                }
            ],
            "description": "Docblock Annotations Parser",
            "homepage": "http://www.doctrine-project.org",
            "keywords": [
                "annotations",
                "docblock",
                "parser"
            ],
            "time": "2017-12-06T07:11:42+00:00"
        },
        {
            "name": "doctrine/lexer",
            "version": "v1.0.1",
            "source": {
                "type": "git",
                "url": "https://github.com/doctrine/lexer.git",
                "reference": "83893c552fd2045dd78aef794c31e694c37c0b8c"
            },
            "dist": {
                "type": "zip",
                "url": "https://files.phpcomposer.com/files/doctrine/lexer/83893c552fd2045dd78aef794c31e694c37c0b8c.zip",
                "reference": "83893c552fd2045dd78aef794c31e694c37c0b8c",
                "shasum": ""
            },
            "require": {
                "php": ">=5.3.2"
            },
            "type": "library",
            "extra": {
                "branch-alias": {
                    "dev-master": "1.0.x-dev"
                }
            },
            "autoload": {
                "psr-0": {
                    "Doctrine\\Common\\Lexer\\": "lib/"
                }
            },
            "notification-url": "https://packagist.org/downloads/",
            "license": [
                "MIT"
            ],
            "authors": [
                {
                    "name": "Roman Borschel",
                    "email": "roman@code-factory.org"
                },
                {
                    "name": "Guilherme Blanco",
                    "email": "guilhermeblanco@gmail.com"
                },
                {
                    "name": "Johannes Schmitt",
                    "email": "schmittjoh@gmail.com"
                }
            ],
            "description": "Base library for a lexer that can be used in Top-Down, Recursive Descent Parsers.",
            "homepage": "http://www.doctrine-project.org",
            "keywords": [
                "lexer",
                "parser"
            ],
            "time": "2014-09-09T13:34:57+00:00"
        },
        {
            "name": "phpdocumentor/reflection-common",
            "version": "1.0.1",
            "source": {
                "type": "git",
                "url": "https://github.com/phpDocumentor/ReflectionCommon.git",
                "reference": "21bdeb5f65d7ebf9f43b1b25d404f87deab5bfb6"
            },
            "dist": {
                "type": "zip",
                "url": "https://files.phpcomposer.com/files/phpDocumentor/ReflectionCommon/21bdeb5f65d7ebf9f43b1b25d404f87deab5bfb6.zip",
                "reference": "21bdeb5f65d7ebf9f43b1b25d404f87deab5bfb6",
                "shasum": ""
            },
            "require": {
                "php": ">=5.5"
            },
            "require-dev": {
                "phpunit/phpunit": "^4.6"
            },
            "type": "library",
            "extra": {
                "branch-alias": {
                    "dev-master": "1.0.x-dev"
                }
            },
            "autoload": {
                "psr-4": {
                    "phpDocumentor\\Reflection\\": [
                        "src"
                    ]
                }
            },
            "notification-url": "https://packagist.org/downloads/",
            "license": [
                "MIT"
            ],
            "authors": [
                {
                    "name": "Jaap van Otterdijk",
                    "email": "opensource@ijaap.nl"
                }
            ],
            "description": "Common reflection classes used by phpdocumentor to reflect the code structure",
            "homepage": "http://www.phpdoc.org",
            "keywords": [
                "FQSEN",
                "phpDocumentor",
                "phpdoc",
                "reflection",
                "static analysis"
            ],
            "time": "2017-09-11T18:02:19+00:00"
        },
        {
            "name": "phpdocumentor/reflection-docblock",
            "version": "4.3.0",
            "source": {
                "type": "git",
                "url": "https://github.com/phpDocumentor/ReflectionDocBlock.git",
                "reference": "94fd0001232e47129dd3504189fa1c7225010d08"
            },
            "dist": {
                "type": "zip",
                "url": "https://files.phpcomposer.com/files/phpDocumentor/ReflectionDocBlock/94fd0001232e47129dd3504189fa1c7225010d08.zip",
                "reference": "94fd0001232e47129dd3504189fa1c7225010d08",
                "shasum": ""
            },
            "require": {
                "php": "^7.0",
                "phpdocumentor/reflection-common": "^1.0.0",
                "phpdocumentor/type-resolver": "^0.4.0",
                "webmozart/assert": "^1.0"
            },
            "require-dev": {
                "doctrine/instantiator": "~1.0.5",
                "mockery/mockery": "^1.0",
                "phpunit/phpunit": "^6.4"
            },
            "type": "library",
            "extra": {
                "branch-alias": {
                    "dev-master": "4.x-dev"
                }
            },
            "autoload": {
                "psr-4": {
                    "phpDocumentor\\Reflection\\": [
                        "src/"
                    ]
                }
            },
            "notification-url": "https://packagist.org/downloads/",
            "license": [
                "MIT"
            ],
            "authors": [
                {
                    "name": "Mike van Riel",
                    "email": "me@mikevanriel.com"
                }
            ],
            "description": "With this component, a library can provide support for annotations via DocBlocks or otherwise retrieve information that is embedded in a DocBlock.",
            "time": "2017-11-30T07:14:17+00:00"
        },
        {
            "name": "phpdocumentor/type-resolver",
            "version": "0.4.0",
            "source": {
                "type": "git",
                "url": "https://github.com/phpDocumentor/TypeResolver.git",
                "reference": "9c977708995954784726e25d0cd1dddf4e65b0f7"
            },
            "dist": {
                "type": "zip",
                "url": "https://files.phpcomposer.com/files/phpDocumentor/TypeResolver/9c977708995954784726e25d0cd1dddf4e65b0f7.zip",
                "reference": "9c977708995954784726e25d0cd1dddf4e65b0f7",
                "shasum": ""
            },
            "require": {
                "php": "^5.5 || ^7.0",
                "phpdocumentor/reflection-common": "^1.0"
            },
            "require-dev": {
                "mockery/mockery": "^0.9.4",
                "phpunit/phpunit": "^5.2||^4.8.24"
            },
            "type": "library",
            "extra": {
                "branch-alias": {
                    "dev-master": "1.0.x-dev"
                }
            },
            "autoload": {
                "psr-4": {
                    "phpDocumentor\\Reflection\\": [
                        "src/"
                    ]
                }
            },
            "notification-url": "https://packagist.org/downloads/",
            "license": [
                "MIT"
            ],
            "authors": [
                {
                    "name": "Mike van Riel",
                    "email": "me@mikevanriel.com"
                }
            ],
            "time": "2017-07-14T14:27:02+00:00"
        },
        {
            "name": "ulue/annotations",
            "version": "dev-master",
            "source": {
                "type": "git",
                "url": "https://github.com/ulue/Annotations.git",
                "reference": "7e39bac144d9b46e2506ca1b7a97bf35038f4544"
            },
            "dist": {
                "type": "zip",
                "url": "https://files.phpcomposer.com/files/ulue/Annotations/7e39bac144d9b46e2506ca1b7a97bf35038f4544.zip",
                "reference": "7e39bac144d9b46e2506ca1b7a97bf35038f4544",
                "shasum": ""
            },
            "require": {
                "php": ">7.0.0",
                "toolkit/obj-utils": "~1.0"
            },
            "type": "library",
            "autoload": {
                "psr-4": {
                    "Ulue\\Annotations\\": "src/"
                }
            },
            "notification-url": "https://packagist.org/downloads/",
            "license": [
                "MIT"
            ],
            "authors": [
                {
                    "name": "Erik Amaru Ortiz",
                    "email": "aortiz.erik@gmail.com"
                },
                {
                    "name": "inhere",
                    "email": "in.798@qq.com",
                    "homepage": "http://www.yzone.net/"
                }
            ],
            "description": "Simple and Lightweight PHP Class & Methods Annotations Reader",
            "homepage": "https://github.com/ulue/Annotations",
            "time": "2018-06-18T05:02:19+00:00"
        },
        {
            "name": "webmozart/assert",
            "version": "1.3.0",
            "source": {
                "type": "git",
                "url": "https://github.com/webmozart/assert.git",
                "reference": "0df1908962e7a3071564e857d86874dad1ef204a"
            },
            "dist": {
                "type": "zip",
                "url": "https://files.phpcomposer.com/files/webmozart/assert/0df1908962e7a3071564e857d86874dad1ef204a.zip",
                "reference": "0df1908962e7a3071564e857d86874dad1ef204a",
                "shasum": ""
            },
            "require": {
                "php": "^5.3.3 || ^7.0"
            },
            "require-dev": {
                "phpunit/phpunit": "^4.6",
                "sebastian/version": "^1.0.1"
            },
            "type": "library",
            "extra": {
                "branch-alias": {
                    "dev-master": "1.3-dev"
                }
            },
            "autoload": {
                "psr-4": {
                    "Webmozart\\Assert\\": "src/"
                }
            },
            "notification-url": "https://packagist.org/downloads/",
            "license": [
                "MIT"
            ],
            "authors": [
                {
                    "name": "Bernhard Schussek",
                    "email": "bschussek@gmail.com"
                }
            ],
            "description": "Assertions to validate method input/output with nice error messages.",
            "keywords": [
                "assert",
                "check",
                "validate"
            ],
            "time": "2018-01-29T19:49:41+00:00"
        }
    ],
    "aliases": [],
    "minimum-stability": "stable",
    "stability-flags": {
        "inhere/console": 20,
        "ulue/annotations": 20
    },
    "prefer-stable": false,
    "prefer-lowest": false,
    "platform": {
        "php": ">7.1.0"
    },
    "platform-dev": []
}
